
Microsoft Visual Studio Solution File, Format Version 12.00
# Visual Studio Version 17
VisualStudioVersion = 17.0.31903.59
MinimumVisualStudioVersion = 10.0.40219.1
Project("{2150E333-8FDC-42A3-9474-1A3956D46DE8}") = "freightSolutions", "freightSolutions", "{DBD6D234-39EB-41A9-B6D5-869165D4E39A}"
EndProject
Project("{FAE04EC0-301F-11D3-BF4B-00C04F79EFBC}") = "CustomsService", "CustomsService\CustomsService.csproj", "{F1932613-B2FF-4006-B355-C6853163C5A9}"
EndProject
Project("{FAE04EC0-301F-11D3-BF4B-00C04F79EFBC}") = "InventoryService", "InventoryService\InventoryService.csproj", "{491ABEBF-2C6A-44DB-9611-F2ED2EB089A0}"
EndProject
Project("{FAE04EC0-301F-11D3-BF4B-00C04F79EFBC}") = "NotificationService", "NotificationService\NotificationService.csproj", "{3DFE136F-E0CF-4F1D-AAF0-6311131237F3}"
EndProject
Project("{FAE04EC0-301F-11D3-BF4B-00C04F79EFBC}") = "OrchestratorService", "OrchestratorService\OrchestratorService.csproj", "{08AB60EA-CAA8-4987-9130-0A0BBB9EB030}"
EndProject
Project("{FAE04EC0-301F-11D3-BF4B-00C04F79EFBC}") = "OrderService", "OrderService\OrderService.csproj", "{8089D85B-D578-41CE-82C4-30915BC293BD}"
EndProject
Project("{FAE04EC0-301F-11D3-BF4B-00C04F79EFBC}") = "PaymentService", "PaymentService\PaymentService.csproj", "{7999366B-2CDA-4680-86CD-FB66A406F8A3}"
EndProject
Project("{FAE04EC0-301F-11D3-BF4B-00C04F79EFBC}") = "ShipmentService", "ShipmentService\ShipmentService.csproj", "{C39482C4-4103-4DE7-B16F-516A7EB503C3}"
EndProject
Project("{FAE04EC0-301F-11D3-BF4B-00C04F79EFBC}") = "Contracts", "Contracts\Contracts.csproj", "{9ED3633D-0640-4D86-B938-92C873FAE9E5}"
EndProject
Global
	GlobalSection(SolutionConfigurationPlatforms) = preSolution
		Debug|Any CPU = Debug|Any CPU
		Release|Any CPU = Release|Any CPU
	EndGlobalSection
	GlobalSection(SolutionProperties) = preSolution
		HideSolutionNode = FALSE
	EndGlobalSection
	GlobalSection(ProjectConfigurationPlatforms) = postSolution
		{F1932613-B2FF-4006-B355-C6853163C5A9}.Debug|Any CPU.ActiveCfg = Debug|Any CPU
		{F1932613-B2FF-4006-B355-C6853163C5A9}.Debug|Any CPU.Build.0 = Debug|Any CPU
		{F1932613-B2FF-4006-B355-C6853163C5A9}.Release|Any CPU.ActiveCfg = Release|Any CPU
		{F1932613-B2FF-4006-B355-C6853163C5A9}.Release|Any CPU.Build.0 = Release|Any CPU
		{491ABEBF-2C6A-44DB-9611-F2ED2EB089A0}.Debug|Any CPU.ActiveCfg = Debug|Any CPU
		{491ABEBF-2C6A-44DB-9611-F2ED2EB089A0}.Debug|Any CPU.Build.0 = Debug|Any CPU
		{491ABEBF-2C6A-44DB-9611-F2ED2EB089A0}.Release|Any CPU.ActiveCfg = Release|Any CPU
		{491ABEBF-2C6A-44DB-9611-F2ED2EB089A0}.Release|Any CPU.Build.0 = Release|Any CPU
		{3DFE136F-E0CF-4F1D-AAF0-6311131237F3}.Debug|Any CPU.ActiveCfg = Debug|Any CPU
		{3DFE136F-E0CF-4F1D-AAF0-6311131237F3}.Debug|Any CPU.Build.0 = Debug|Any CPU
		{3DFE136F-E0CF-4F1D-AAF0-6311131237F3}.Release|Any CPU.ActiveCfg = Release|Any CPU
		{3DFE136F-E0CF-4F1D-AAF0-6311131237F3}.Release|Any CPU.Build.0 = Release|Any CPU
		{08AB60EA-CAA8-4987-9130-0A0BBB9EB030}.Debug|Any CPU.ActiveCfg = Debug|Any CPU
		{08AB60EA-CAA8-4987-9130-0A0BBB9EB030}.Debug|Any CPU.Build.0 = Debug|Any CPU
		{08AB60EA-CAA8-4987-9130-0A0BBB9EB030}.Release|Any CPU.ActiveCfg = Release|Any CPU
		{08AB60EA-CAA8-4987-9130-0A0BBB9EB030}.Release|Any CPU.Build.0 = Release|Any CPU
		{8089D85B-D578-41CE-82C4-30915BC293BD}.Debug|Any CPU.ActiveCfg = Debug|Any CPU
		{8089D85B-D578-41CE-82C4-30915BC293BD}.Debug|Any CPU.Build.0 = Debug|Any CPU
		{8089D85B-D578-41CE-82C4-30915BC293BD}.Release|Any CPU.ActiveCfg = Release|Any CPU
		{8089D85B-D578-41CE-82C4-30915BC293BD}.Release|Any CPU.Build.0 = Release|Any CPU
		{7999366B-2CDA-4680-86CD-FB66A406F8A3}.Debug|Any CPU.ActiveCfg = Debug|Any CPU
		{7999366B-2CDA-4680-86CD-FB66A406F8A3}.Debug|Any CPU.Build.0 = Debug|Any CPU
		{7999366B-2CDA-4680-86CD-FB66A406F8A3}.Release|Any CPU.ActiveCfg = Release|Any CPU
		{7999366B-2CDA-4680-86CD-FB66A406F8A3}.Release|Any CPU.Build.0 = Release|Any CPU
		{C39482C4-4103-4DE7-B16F-516A7EB503C3}.Debug|Any CPU.ActiveCfg = Debug|Any CPU
		{C39482C4-4103-4DE7-B16F-516A7EB503C3}.Debug|Any CPU.Build.0 = Debug|Any CPU
		{C39482C4-4103-4DE7-B16F-516A7EB503C3}.Release|Any CPU.ActiveCfg = Release|Any CPU
		{C39482C4-4103-4DE7-B16F-516A7EB503C3}.Release|Any CPU.Build.0 = Release|Any CPU
		{9ED3633D-0640-4D86-B938-92C873FAE9E5}.Debug|Any CPU.ActiveCfg = Debug|Any CPU
		{9ED3633D-0640-4D86-B938-92C873FAE9E5}.Debug|Any CPU.Build.0 = Debug|Any CPU
		{9ED3633D-0640-4D86-B938-92C873FAE9E5}.Release|Any CPU.ActiveCfg = Release|Any CPU
		{9ED3633D-0640-4D86-B938-92C873FAE9E5}.Release|Any CPU.Build.0 = Release|Any CPU
	EndGlobalSection
	GlobalSection(NestedProjects) = preSolution
		{F1932613-B2FF-4006-B355-C6853163C5A9} = {DBD6D234-39EB-41A9-B6D5-869165D4E39A}
		{491ABEBF-2C6A-44DB-9611-F2ED2EB089A0} = {DBD6D234-39EB-41A9-B6D5-869165D4E39A}
		{3DFE136F-E0CF-4F1D-AAF0-6311131237F3} = {DBD6D234-39EB-41A9-B6D5-869165D4E39A}
		{08AB60EA-CAA8-4987-9130-0A0BBB9EB030} = {DBD6D234-39EB-41A9-B6D5-869165D4E39A}
		{8089D85B-D578-41CE-82C4-30915BC293BD} = {DBD6D234-39EB-41A9-B6D5-869165D4E39A}
		{7999366B-2CDA-4680-86CD-FB66A406F8A3} = {DBD6D234-39EB-41A9-B6D5-869165D4E39A}
		{C39482C4-4103-4DE7-B16F-516A7EB503C3} = {DBD6D234-39EB-41A9-B6D5-869165D4E39A}
	EndGlobalSection
EndGlobal
